// !$*UTF8*$!
{
	archiveVersion = 1;
	classes = {
	};
	objectVersion = 50;
	objects = {

/* Begin PBXBuildFile section */
		0492EFC023DED67F006B186D /* AppDelegate.swift in Sources */ = {isa = PBXBuildFile; fileRef = 0492EFBF23DED67F006B186D /* AppDelegate.swift */; };
		0492EFC223DED67F006B186D /* ViewController.swift in Sources */ = {isa = PBXBuildFile; fileRef = 0492EFC123DED67F006B186D /* ViewController.swift */; };
		0492EFC523DED67F006B186D /* Main.storyboard in Resources */ = {isa = PBXBuildFile; fileRef = 0492EFC323DED67F006B186D /* Main.storyboard */; };
		0492EFC723DED680006B186D /* Assets.xcassets in Resources */ = {isa = PBXBuildFile; fileRef = 0492EFC623DED680006B186D /* Assets.xcassets */; };
		0492EFCA23DED680006B186D /* LaunchScreen.storyboard in Resources */ = {isa = PBXBuildFile; fileRef = 0492EFC823DED680006B186D /* LaunchScreen.storyboard */; };
		0492EFD523DED680006B186D /* HelloMTests.swift in Sources */ = {isa = PBXBuildFile; fileRef = 0492EFD423DED680006B186D /* HelloMTests.swift */; };
		0492EFE023DED680006B186D /* HelloMUITests.swift in Sources */ = {isa = PBXBuildFile; fileRef = 0492EFDF23DED680006B186D /* HelloMUITests.swift */; };
/* End PBXBuildFile section */

/* Begin PBXContainerItemProxy section */
		0492EFD123DED680006B186D /* PBXContainerItemProxy */ = {
			isa = PBXContainerItemProxy;
			containerPortal = 0492EFB423DED67F006B186D /* Project object */;
			proxyType = 1;
			remoteGlobalIDString = 0492EFBB23DED67F006B186D;
			remoteInfo = HelloM;
		};
		0492EFDC23DED680006B186D /* PBXContainerItemProxy */ = {
			isa = PBXContainerItemProxy;
			containerPortal = 0492EFB423DED67F006B186D /* Project object */;
			proxyType = 1;
			remoteGlobalIDString = 0492EFBB23DED67F006B186D;
			remoteInfo = HelloM;
		};
/* End PBXContainerItemProxy section */

/* Begin PBXFileReference section */
		0492EFBC23DED67F006B186D /* HelloM.app */ = {isa = PBXFileReference; explicitFileType = wrapper.application; includeInIndex = 0; path = HelloM.app; sourceTree = BUILT_PRODUCTS_DIR; };
		0492EFBF23DED67F006B186D /* AppDelegate.swift */ = {isa = PBXFileReference; lastKnownFileType = sourcecode.swift; path = AppDelegate.swift; sourceTree = "<group>"; };
		0492EFC123DED67F006B186D /* ViewController.swift */ = {isa = PBXFileReference; lastKnownFileType = sourcecode.swift; path = ViewController.swift; sourceTree = "<group>"; };
		0492EFC423DED67F006B186D /* Base */ = {isa = PBXFileReference; lastKnownFileType = file.storyboard; name = Base; path = Base.lproj/Main.storyboard; sourceTree = "<group>"; };
		0492EFC623DED680006B186D /* Assets.xcassets */ = {isa = PBXFileReference; lastKnownFileType = folder.assetcatalog; path = Assets.xcassets; sourceTree = "<group>"; };
		0492EFC923DED680006B186D /* Base */ = {isa = PBXFileReference; lastKnownFileType = file.storyboard; name = Base; path = Base.lproj/LaunchScreen.storyboard; sourceTree = "<group>"; };
		0492EFCB23DED680006B186D /* Info.plist */ = {isa = PBXFileReference; lastKnownFileType = text.plist.xml; path = Info.plist; sourceTree = "<group>"; };
		0492EFD023DED680006B186D /* HelloMTests.xctest */ = {isa = PBXFileReference; explicitFileType = wrapper.cfbundle; includeInIndex = 0; path = HelloMTests.xctest; sourceTree = BUILT_PRODUCTS_DIR; };
		0492EFD423DED680006B186D /* HelloMTests.swift */ = {isa = PBXFileReference; lastKnownFileType = sourcecode.swift; path = HelloMTests.swift; sourceTree = "<group>"; };
		0492EFD623DED680006B186D /* Info.plist */ = {isa = PBXFileReference; lastKnownFileType = text.plist.xml; path = Info.plist; sourceTree = "<group>"; };
		0492EFDB23DED680006B186D /* HelloMUITests.xctest */ = {isa = PBXFileReference; explicitFileType = wrapper.cfbundle; includeInIndex = 0; path = HelloMUITests.xctest; sourceTree = BUILT_PRODUCTS_DIR; };
		0492EFDF23DED680006B186D /* HelloMUITests.swift */ = {isa = PBXFileReference; lastKnownFileType = sourcecode.swift; path = HelloMUITests.swift; sourceTree = "<group>"; };
		0492EFE123DED680006B186D /* Info.plist */ = {isa = PBXFileReference; lastKnownFileType = text.plist.xml; path = Info.plist; sourceTree = "<group>"; };
/* End PBXFileReference section */

/* Begin PBXFrameworksBuildPhase section */
		0492EFB923DED67F006B186D /* Frameworks */ = {
			isa = PBXFrameworksBuildPhase;
			buildActionMask = 2147483647;
			files = (
			);
			runOnlyForDeploymentPostprocessing = 0;
		};
		0492EFCD23DED680006B186D /* Frameworks */ = {
			isa = PBXFrameworksBuildPhase;
			buildActionMask = 2147483647;
			files = (
			);
			runOnlyForDeploymentPostprocessing = 0;
		};
		0492EFD823DED680006B186D /* Frameworks */ = {
			isa = PBXFrameworksBuildPhase;
			buildActionMask = 2147483647;
			files = (
			);
			runOnlyForDeploymentPostprocessing = 0;
		};
/* End PBXFrameworksBuildPhase section */

/* Begin PBXGroup section */
		0492EFB323DED67F006B186D = {
			isa = PBXGroup;
			children = (
				0492EFBE23DED67F006B186D /* HelloM */,
				0492EFD323DED680006B186D /* HelloMTests */,
				0492EFDE23DED680006B186D /* HelloMUITests */,
				0492EFBD23DED67F006B186D /* Products */,
			);
			sourceTree = "<group>";
		};
		0492EFBD23DED67F006B186D /* Products */ = {
			isa = PBXGroup;
			children = (
				0492EFBC23DED67F006B186D /* HelloM.app */,
				0492EFD023DED680006B186D /* HelloMTests.xctest */,
				0492EFDB23DED680006B186D /* HelloMUITests.xctest */,
			);
			name = Products;
			sourceTree = "<group>";
		};
		0492EFBE23DED67F006B186D /* HelloM */ = {
			isa = PBXGroup;
			children = (
				0492EFBF23DED67F006B186D /* AppDelegate.swift */,
				0492EFC123DED67F006B186D /* ViewController.swift */,
				0492EFC323DED67F006B186D /* Main.storyboard */,
				0492EFC623DED680006B186D /* Assets.xcassets */,
				0492EFC823DED680006B186D /* LaunchScreen.storyboard */,
				0492EFCB23DED680006B186D /* Info.plist */,
			);
			path = HelloM;
			sourceTree = "<group>";
		};
		0492EFD323DED680006B186D /* HelloMTests */ = {
			isa = PBXGroup;
			children = (
				0492EFD423DED680006B186D /* HelloMTests.swift */,
				0492EFD623DED680006B186D /* Info.plist */,
			);
			path = HelloMTests;
			sourceTree = "<group>";
		};
		0492EFDE23DED680006B186D /* HelloMUITests */ = {
			isa = PBXGroup;
			children = (
				0492EFDF23DED680006B186D /* HelloMUITests.swift */,
				0492EFE123DED680006B186D /* Info.plist */,
			);
			path = HelloMUITests;
			sourceTree = "<group>";
		};
/* End PBXGroup section */

/* Begin PBXNativeTarget section */
		0492EFBB23DED67F006B186D /* HelloM */ = {
			isa = PBXNativeTarget;
			buildConfigurationList = 0492EFE423DED680006B186D /* Build configuration list for PBXNativeTarget "HelloM" */;
			buildPhases = (
				0492EFB823DED67F006B186D /* Sources */,
				0492EFB923DED67F006B186D /* Frameworks */,
				0492EFBA23DED67F006B186D /* Resources */,
			);
			buildRules = (
			);
			dependencies = (
			);
			name = HelloM;
			productName = HelloM;
			productReference = 0492EFBC23DED67F006B186D /* HelloM.app */;
			productType = "com.apple.product-type.application";
		};
		0492EFCF23DED680006B186D /* HelloMTests */ = {
			isa = PBXNativeTarget;
			buildConfigurationList = 0492EFE723DED680006B186D /* Build configuration list for PBXNativeTarget "HelloMTests" */;
			buildPhases = (
				0492EFCC23DED680006B186D /* Sources */,
				0492EFCD23DED680006B186D /* Frameworks */,
				0492EFCE23DED680006B186D /* Resources */,
			);
			buildRules = (
			);
			dependencies = (
				0492EFD223DED680006B186D /* PBXTargetDependency */,
			);
			name = HelloMTests;
			productName = HelloMTests;
			productReference = 0492EFD023DED680006B186D /* HelloMTests.xctest */;
			productType = "com.apple.product-type.bundle.unit-test";
		};
		0492EFDA23DED680006B186D /* HelloMUITests */ = {
			isa = PBXNativeTarget;
			buildConfigurationList = 0492EFEA23DED680006B186D /* Build configuration list for PBXNativeTarget "HelloMUITests" */;
			buildPhases = (
				0492EFD723DED680006B186D /* Sources */,
				0492EFD823DED680006B186D /* Frameworks */,
				0492EFD923DED680006B186D /* Resources */,
			);
			buildRules = (
			);
			dependencies = (
				0492EFDD23DED680006B186D /* PBXTargetDependency */,
			);
			name = HelloMUITests;
			productName = HelloMUITests;
			productReference = 0492EFDB23DED680006B186D /* HelloMUITests.xctest */;
			productType = "com.apple.product-type.bundle.ui-testing";
		};
/* End PBXNativeTarget section */

/* Begin PBXProject section */
		0492EFB423DED67F006B186D /* Project object */ = {
			isa = PBXProject;
			attributes = {
				LastSwiftUpdateCheck = 1020;
				LastUpgradeCheck = 1020;
				ORGANIZATIONNAME = MubarekA;
				TargetAttributes = {
					0492EFBB23DED67F006B186D = {
						CreatedOnToolsVersion = 10.2.1;
					};
					0492EFCF23DED680006B186D = {
						CreatedOnToolsVersion = 10.2.1;
						TestTargetID = 0492EFBB23DED67F006B186D;
					};
					0492EFDA23DED680006B186D = {
						CreatedOnToolsVersion = 10.2.1;
						TestTargetID = 0492EFBB23DED67F006B186D;
					};
				};
			};
			buildConfigurationList = 0492EFB723DED67F006B186D /* Build configuration list for PBXProject "HelloM" */;
			compatibilityVersion = "Xcode 9.3";
			developmentRegion = en;
			hasScannedForEncodings = 0;
			knownRegions = (
				en,
				Base,
			);
			mainGroup = 0492EFB323DED67F006B186D;
			productRefGroup = 0492EFBD23DED67F006B186D /* Products */;
			projectDirPath = "";
			projectRoot = "";
			targets = (
				0492EFBB23DED67F006B186D /* HelloM */,
				0492EFCF23DED680006B186D /* HelloMTests */,
				0492EFDA23DED680006B186D /* HelloMUITests */,
			);
		};
/* End PBXProject section */

/* Begin PBXResourcesBuildPhase section */
		0492EFBA23DED67F006B186D /* Resources */ = {
			isa = PBXResourcesBuildPhase;
			buildActionMask = 2147483647;
			files = (
				0492EFCA23DED680006B186D /* LaunchScreen.storyboard in Resources */,
				0492EFC723DED680006B186D /* Assets.xcassets in Resources */,
				0492EFC523DED67F006B186D /* Main.storyboard in Resources */,
			);
			runOnlyForDeploymentPostprocessing = 0;
		};
		0492EFCE23DED680006B186D /* Resources */ = {
			isa = PBXResourcesBuildPhase;
			buildActionMask = 2147483647;
			files = (
			);
			runOnlyForDeploymentPostprocessing = 0;
		};
		0492EFD923DED680006B186D /* Resources */ = {
			isa = PBXResourcesBuildPhase;
			buildActionMask = 2147483647;
			files = (
			);
			runOnlyForDeploymentPostprocessing = 0;
		};
/* End PBXResourcesBuildPhase section */

/* Begin PBXSourcesBuildPhase section */
		0492EFB823DED67F006B186D /* Sources */ = {
			isa = PBXSourcesBuildPhase;
			buildActionMask = 2147483647;
			files = (
				0492EFC223DED67F006B186D /* ViewController.swift in Sources */,
				0492EFC023DED67F006B186D /* AppDelegate.swift in Sources */,
			);
			runOnlyForDeploymentPostprocessing = 0;
		};
		0492EFCC23DED680006B186D /* Sources */ = {
			isa = PBXSourcesBuildPhase;
			buildActionMask = 2147483647;
			files = (
				0492EFD523DED680006B186D /* HelloMTests.swift in Sources */,
			);
			runOnlyForDeploymentPostprocessing = 0;
		};
		0492EFD723DED680006B186D /* Sources */ = {
			isa = PBXSourcesBuildPhase;
			buildActionMask = 2147483647;
			files = (
				0492EFE023DED680006B186D /* HelloMUITests.swift in Sources */,
			);
			runOnlyForDeploymentPostprocessing = 0;
		};
/* End PBXSourcesBuildPhase section */

/* Begin PBXTargetDependency section */
		0492EFD223DED680006B186D /* PBXTargetDependency */ = {
			isa = PBXTargetDependency;
			target = 0492EFBB23DED67F006B186D /* HelloM */;
			targetProxy = 0492EFD123DED680006B186D /* PBXContainerItemProxy */;
		};
		0492EFDD23DED680006B186D /* PBXTargetDependency */ = {
			isa = PBXTargetDependency;
			target = 0492EFBB23DED67F006B186D /* HelloM */;
			targetProxy = 0492EFDC23DED680006B186D /* PBXContainerItemProxy */;
		};
/* End PBXTargetDependency section */

/* Begin PBXVariantGroup section */
		0492EFC323DED67F006B186D /* Main.storyboard */ = {
			isa = PBXVariantGroup;
			children = (
				0492EFC423DED67F006B186D /* Base */,
			);
			name = Main.storyboard;
			sourceTree = "<group>";
		};
		0492EFC823DED680006B186D /* LaunchScreen.storyboard */ = {
			isa = PBXVariantGroup;
			children = (
				0492EFC923DED680006B186D /* Base */,
			);
			name = LaunchScreen.storyboard;
			sourceTree = "<group>";
		};
/* End PBXVariantGroup section */

/* Begin XCBuildConfiguration section */
		0492EFE223DED680006B186D /* Debug */ = {
			isa = XCBuildConfiguration;
			buildSettings = {
				ALWAYS_SEARCH_USER_PATHS = NO;
				CLANG_ANALYZER_NONNULL = YES;
				CLANG_ANALYZER_NUMBER_OBJECT_CONVERSION = YES_AGGRESSIVE;
				CLANG_CXX_LANGUAGE_STANDARD = "gnu++14";
				CLANG_CXX_LIBRARY = "libc++";
				CLANG_ENABLE_MODULES = YES;
				CLANG_ENABLE_OBJC_ARC = YES;
				CLANG_ENABLE_OBJC_WEAK = YES;
				CLANG_WARN_BLOCK_CAPTURE_AUTORELEASING = YES;
				CLANG_WARN_BOOL_CONVERSION = YES;
				CLANG_WARN_COMMA = YES;
				CLANG_WARN_CONSTANT_CONVERSION = YES;
				CLANG_WARN_DEPRECATED_OBJC_IMPLEMENTATIONS = YES;
				CLANG_WARN_DIRECT_OBJC_ISA_USAGE = YES_ERROR;
				CLANG_WARN_DOCUMENTATION_COMMENTS = YES;
				CLANG_WARN_EMPTY_BODY = YES;
				CLANG_WARN_ENUM_CONVERSION = YES;
				CLANG_WARN_INFINITE_RECURSION = YES;
				CLANG_WARN_INT_CONVERSION = YES;
				CLANG_WARN_NON_LITERAL_NULL_CONVERSION = YES;
				CLANG_WARN_OBJC_IMPLICIT_RETAIN_SELF = YES;
				CLANG_WARN_OBJC_LITERAL_CONVERSION = YES;
				CLANG_WARN_OBJC_ROOT_CLASS = YES_ERROR;
				CLANG_WARN_RANGE_LOOP_ANALYSIS = YES;
				CLANG_WARN_STRICT_PROTOTYPES = YES;
				CLANG_WARN_SUSPICIOUS_MOVE = YES;
				CLANG_WARN_UNGUARDED_AVAILABILITY = YES_AGGRESSIVE;
				CLANG_WARN_UNREACHABLE_CODE = YES;
				CLANG_WARN__DUPLICATE_METHOD_MATCH = YES;
				CODE_SIGN_IDENTITY = "iPhone Developer";
				COPY_PHASE_STRIP = NO;
				DEBUG_INFORMATION_FORMAT = dwarf;
				ENABLE_STRICT_OBJC_MSGSEND = YES;
				ENABLE_TESTABILITY = YES;
				GCC_C_LANGUAGE_STANDARD = gnu11;
				GCC_DYNAMIC_NO_PIC = NO;
				GCC_NO_COMMON_BLOCKS = YES;
				GCC_OPTIMIZATION_LEVEL = 0;
				GCC_PREPROCESSOR_DEFINITIONS = (
					"DEBUG=1",
					"$(inherited)",
				);
				GCC_WARN_64_TO_32_BIT_CONVERSION = YES;
				GCC_WARN_ABOUT_RETURN_TYPE = YES_ERROR;
				GCC_WARN_UNDECLARED_SELECTOR = YES;
				GCC_WARN_UNINITIALIZED_AUTOS = YES_AGGRESSIVE;
				GCC_WARN_UNUSED_FUNCTION = YES;
				GCC_WARN_UNUSED_VARIABLE = YES;
				IPHONEOS_DEPLOYMENT_TARGET = 12.2;
				MTL_ENABLE_DEBUG_INFO = INCLUDE_SOURCE;
				MTL_FAST_MATH = YES;
				ONLY_ACTIVE_ARCH = YES;
				SDKROOT = iphoneos;
				SWIFT_ACTIVE_COMPILATION_CONDITIONS = DEBUG;
				SWIFT_OPTIMIZATION_LEVEL = "-Onone";
			};
			name = Debug;
		};
		0492EFE323DED680006B186D /* Release */ = {
			isa = XCBuildConfiguration;
			buildSettings = {
				ALWAYS_SEARCH_USER_PATHS = NO;
				CLANG_ANALYZER_NONNULL = YES;
				CLANG_ANALYZER_NUMBER_OBJECT_CONVERSION = YES_AGGRESSIVE;
				CLANG_CXX_LANGUAGE_STANDARD = "gnu++14";
				CLANG_CXX_LIBRARY = "libc++";
				CLANG_ENABLE_MODULES = YES;
				CLANG_ENABLE_OBJC_ARC = YES;
				CLANG_ENABLE_OBJC_WEAK = YES;
				CLANG_WARN_BLOCK_CAPTURE_AUTORELEASING = YES;
				CLANG_WARN_BOOL_CONVERSION = YES;
				CLANG_WARN_COMMA = YES;
				CLANG_WARN_CONSTANT_CONVERSION = YES;
				CLANG_WARN_DEPRECATED_OBJC_IMPLEMENTATIONS = YES;
				CLANG_WARN_DIRECT_OBJC_ISA_USAGE = YES_ERROR;
				CLANG_WARN_DOCUMENTATION_COMMENTS = YES;
				CLANG_WARN_EMPTY_BODY = YES;
				CLANG_WARN_ENUM_CONVERSION = YES;
				CLANG_WARN_INFINITE_RECURSION = YES;
				CLANG_WARN_INT_CONVERSION = YES;
				CLANG_WARN_NON_LITERAL_NULL_CONVERSION = YES;
				CLANG_WARN_OBJC_IMPLICIT_RETAIN_SELF = YES;
				CLANG_WARN_OBJC_LITERAL_CONVERSION = YES;
				CLANG_WARN_OBJC_ROOT_CLASS = YES_ERROR;
				CLANG_WARN_RANGE_LOOP_ANALYSIS = YES;
				CLANG_WARN_STRICT_PROTOTYPES = YES;
				CLANG_WARN_SUSPICIOUS_MOVE = YES;
				CLANG_WARN_UNGUARDED_AVAILABILITY = YES_AGGRESSIVE;
				CLANG_WARN_UNREACHABLE_CODE = YES;
				CLANG_WARN__DUPLICATE_METHOD_MATCH = YES;
				CODE_SIGN_IDENTITY = "iPhone Developer";
				COPY_PHASE_STRIP = NO;
				DEBUG_INFORMATION_FORMAT = "dwarf-with-dsym";
				ENABLE_NS_ASSERTIONS = NO;
				ENABLE_STRICT_OBJC_MSGSEND = YES;
				GCC_C_LANGUAGE_STANDARD = gnu11;
				GCC_NO_COMMON_BLOCKS = YES;
				GCC_WARN_64_TO_32_BIT_CONVERSION = YES;
				GCC_WARN_ABOUT_RETURN_TYPE = YES_ERROR;
				GCC_WARN_UNDECLARED_SELECTOR = YES;
				GCC_WARN_UNINITIALIZED_AUTOS = YES_AGGRESSIVE;
				GCC_WARN_UNUSED_FUNCTION = YES;
				GCC_WARN_UNUSED_VARIABLE = YES;
				IPHONEOS_DEPLOYMENT_TARGET = 12.2;
				MTL_ENABLE_DEBUG_INFO = NO;
				MTL_FAST_MATH = YES;
				SDKROOT = iphoneos;
				SWIFT_COMPILATION_MODE = wholemodule;
				SWIFT_OPTIMIZATION_LEVEL = "-O";
				VALIDATE_PRODUCT = YES;
			};
			name = Release;
		};
		0492EFE523DED680006B186D /* Debug */ = {
			isa = XCBuildConfiguration;
			buildSettings = {
				ASSETCATALOG_COMPILER_APPICON_NAME = AppIcon;
				CODE_SIGN_STYLE = Manual;
				DEVELOPMENT_TEAM = "";
				INFOPLIST_FILE = HelloM/Info.plist;
				LD_RUNPATH_SEARCH_PATHS = (
					"$(inherited)",
					"@executable_path/Frameworks",
				);
				PRODUCT_BUNDLE_IDENTIFIER = com.HelloM.HelloM;
				PRODUCT_NAME = "$(TARGET_NAME)";
				PROVISIONING_PROFILE_SPECIFIER = "";
				SWIFT_VERSION = 5.0;
				TARGETED_DEVICE_FAMILY = "1,2";
			};
			name = Debug;
		};
		0492EFE623DED680006B186D /* Release */ = {
			isa = XCBuildConfiguration;
			buildSettings = {
				ASSETCATALOG_COMPILER_APPICON_NAME = AppIcon;
				CODE_SIGN_STYLE = Manual;
				DEVELOPMENT_TEAM = "";
				INFOPLIST_FILE = HelloM/Info.plist;
				LD_RUNPATH_SEARCH_PATHS = (
					"$(inherited)",
					"@executable_path/Frameworks",
				);
				PRODUCT_BUNDLE_IDENTIFIER = com.HelloM.HelloM;
				PRODUCT_NAME = "$(TARGET_NAME)";
				PROVISIONING_PROFILE_SPECIFIER = "";
				SWIFT_VERSION = 5.0;
				TARGETED_DEVICE_FAMILY = "1,2";
			};
			name = Release;
		};
		0492EFE823DED680006B186D /* Debug */ = {
			isa = XCBuildConfiguration;
			buildSettings = {
				ALWAYS_EMBED_SWIFT_STANDARD_LIBRARIES = YES;
				BUNDLE_LOADER = "$(TEST_HOST)";
				CODE_SIGN_STYLE = Automatic;
				INFOPLIST_FILE = HelloMTests/Info.plist;
				LD_RUNPATH_SEARCH_PATHS = (
					"$(inherited)",
					"@executable_path/Frameworks",
					"@loader_path/Frameworks",
				);
				PRODUCT_BUNDLE_IDENTIFIER = com.HelloM.HelloMTests;
				PRODUCT_NAME = "$(TARGET_NAME)";
				SWIFT_VERSION = 5.0;
				TARGETED_DEVICE_FAMILY = "1,2";
				TEST_HOST = "$(BUILT_PRODUCTS_DIR)/HelloM.app/HelloM";
			};
			name = Debug;
		};
		0492EFE923DED680006B186D /* Release */ = {
			isa = XCBuildConfiguration;
			buildSettings = {
				ALWAYS_EMBED_SWIFT_STANDARD_LIBRARIES = YES;
				BUNDLE_LOADER = "$(TEST_HOST)";
				CODE_SIGN_STYLE = Automatic;
				INFOPLIST_FILE = HelloMTests/Info.plist;
				LD_RUNPATH_SEARCH_PATHS = (
					"$(inherited)",
					"@executable_path/Frameworks",
					"@loader_path/Frameworks",
				);
				PRODUCT_BUNDLE_IDENTIFIER = com.HelloM.HelloMTests;
				PRODUCT_NAME = "$(TARGET_NAME)";
				SWIFT_VERSION = 5.0;
				TARGETED_DEVICE_FAMILY = "1,2";
				TEST_HOST = "$(BUILT_PRODUCTS_DIR)/HelloM.app/HelloM";
			};
			name = Release;
		};
		0492EFEB23DED680006B186D /* Debug */ = {
			isa = XCBuildConfiguration;
			buildSettings = {
				ALWAYS_EMBED_SWIFT_STANDARD_LIBRARIES = YES;
				CODE_SIGN_STYLE = Automatic;
				INFOPLIST_FILE = HelloMUITests/Info.plist;
				LD_RUNPATH_SEARCH_PATHS = (
					"$(inherited)",
					"@executable_path/Frameworks",
					"@loader_path/Frameworks",
				);
				PRODUCT_BUNDLE_IDENTIFIER = com.HelloM.HelloMUITests;
				PRODUCT_NAME = "$(TARGET_NAME)";
				SWIFT_VERSION = 5.0;
				TARGETED_DEVICE_FAMILY = "1,2";
				TEST_TARGET_NAME = HelloM;
			};
			name = Debug;
		};
		0492EFEC23DED680006B186D /* Release */ = {
			isa = XCBuildConfiguration;
			buildSettings = {
				ALWAYS_EMBED_SWIFT_STANDARD_LIBRARIES = YES;
				CODE_SIGN_STYLE = Automatic;
				INFOPLIST_FILE = HelloMUITests/Info.plist;
				LD_RUNPATH_SEARCH_PATHS = (
					"$(inherited)",
					"@executable_path/Frameworks",
					"@loader_path/Frameworks",
				);
				PRODUCT_BUNDLE_IDENTIFIER = com.HelloM.HelloMUITests;
				PRODUCT_NAME = "$(TARGET_NAME)";
				SWIFT_VERSION = 5.0;
				TARGETED_DEVICE_FAMILY = "1,2";
				TEST_TARGET_NAME = HelloM;
			};
			name = Release;
		};
/* End XCBuildConfiguration section */

/* Begin XCConfigurationList section */
		0492EFB723DED67F006B186D /* Build configuration list for PBXProject "HelloM" */ = {
			isa = XCConfigurationList;
			buildConfigurations = (
				0492EFE223DED680006B186D /* Debug */,
				0492EFE323DED680006B186D /* Release */,
			);
			defaultConfigurationIsVisible = 0;
			defaultConfigurationName = Release;
		};
		0492EFE423DED680006B186D /* Build configuration list for PBXNativeTarget "HelloM" */ = {
			isa = XCConfigurationList;
			buildConfigurations = (
				0492EFE523DED680006B186D /* Debug */,
				0492EFE623DED680006B186D /* Release */,
			);
			defaultConfigurationIsVisible = 0;
			defaultConfigurationName = Release;
		};
		0492EFE723DED680006B186D /* Build configuration list for PBXNativeTarget "HelloMTests" */ = {
			isa = XCConfigurationList;
			buildConfigurations = (
				0492EFE823DED680006B186D /* Debug */,
				0492EFE923DED680006B186D /* Release */,
			);
			defaultConfigurationIsVisible = 0;
			defaultConfigurationName = Release;
		};
		0492EFEA23DED680006B186D /* Build configuration list for PBXNativeTarget "HelloMUITests" */ = {
			isa = XCConfigurationList;
			buildConfigurations = (
				0492EFEB23DED680006B186D /* Debug */,
				0492EFEC23DED680006B186D /* Release */,
			);
			defaultConfigurationIsVisible = 0;
			defaultConfigurationName = Release;
		};
/* End XCConfigurationList section */
	};
	rootObject = 0492EFB423DED67F006B186D /* Project object */;
}
